// !$*UTF8*$!
{
	archiveVersion = 1;
	classes = {
	};
	objectVersion = 46;
	objects = {

/* Begin PBXBuildFile section */
		F4FFD2D91532C8B800759785 /* UIKit.framework in Frameworks */ = {isa = PBXBuildFile; fileRef = F4FFD2D81532C8B800759785 /* UIKit.framework */; };
		F4FFD2DB1532C8B800759785 /* Foundation.framework in Frameworks */ = {isa = PBXBuildFile; fileRef = F4FFD2DA1532C8B800759785 /* Foundation.framework */; };
		F4FFD2DD1532C8B800759785 /* CoreGraphics.framework in Frameworks */ = {isa = PBXBuildFile; fileRef = F4FFD2DC1532C8B800759785 /* CoreGraphics.framework */; };
		F4FFD2E31532C8B800759785 /* InfoPlist.strings in Resources */ = {isa = PBXBuildFile; fileRef = F4FFD2E11532C8B800759785 /* InfoPlist.strings */; };
		F4FFD2E51532C8B800759785 /* main.m in Sources */ = {isa = PBXBuildFile; fileRef = F4FFD2E41532C8B800759785 /* main.m */; };
		F4FFD2E91532C8B800759785 /* HelloWorldAppDelegate.m in Sources */ = {isa = PBXBuildFile; fileRef = F4FFD2E81532C8B800759785 /* HelloWorldAppDelegate.m */; };
		F4FFD2EC1532C8B800759785 /* HelloWorldViewController.m in Sources */ = {isa = PBXBuildFile; fileRef = F4FFD2EB1532C8B800759785 /* HelloWorldViewController.m */; };
		F4FFD2EF1532C8B800759785 /* HelloWorldViewController.xib in Resources */ = {isa = PBXBuildFile; fileRef = F4FFD2ED1532C8B800759785 /* HelloWorldViewController.xib */; };
/* End PBXBuildFile section */

/* Begin PBXFileReference section */
		F4FFD2D41532C8B700759785 /* HelloWorld.app */ = {isa = PBXFileReference; explicitFileType = wrapper.application; includeInIndex = 0; path = HelloWorld.app; sourceTree = BUILT_PRODUCTS_DIR; };
		F4FFD2D81532C8B800759785 /* UIKit.framework */ = {isa = PBXFileReference; lastKnownFileType = wrapper.framework; name = UIKit.framework; path = System/Library/Frameworks/UIKit.framework; sourceTree = SDKROOT; };
		F4FFD2DA1532C8B800759785 /* Foundation.framework */ = {isa = PBXFileReference; lastKnownFileType = wrapper.framework; name = Foundation.framework; path = System/Library/Frameworks/Foundation.framework; sourceTree = SDKROOT; };
		F4FFD2DC1532C8B800759785 /* CoreGraphics.framework */ = {isa = PBXFileReference; lastKnownFileType = wrapper.framework; name = CoreGraphics.framework; path = System/Library/Frameworks/CoreGraphics.framework; sourceTree = SDKROOT; };
		F4FFD2E01532C8B800759785 /* HelloWorld-Info.plist */ = {isa = PBXFileReference; lastKnownFileType = text.plist.xml; path = "HelloWorld-Info.plist"; sourceTree = "<group>"; };
		F4FFD2E21532C8B800759785 /* en */ = {isa = PBXFileReference; lastKnownFileType = text.plist.strings; name = en; path = en.lproj/InfoPlist.strings; sourceTree = "<group>"; };
		F4FFD2E41532C8B800759785 /* main.m */ = {isa = PBXFileReference; lastKnownFileType = sourcecode.c.objc; path = main.m; sourceTree = "<group>"; };
		F4FFD2E61532C8B800759785 /* HelloWorld-Prefix.pch */ = {isa = PBXFileReference; lastKnownFileType = sourcecode.c.h; path = "HelloWorld-Prefix.pch"; sourceTree = "<group>"; };
		F4FFD2E71532C8B800759785 /* HelloWorldAppDelegate.h */ = {isa = PBXFileReference; lastKnownFileType = sourcecode.c.h; path = HelloWorldAppDelegate.h; sourceTree = "<group>"; };
		F4FFD2E81532C8B800759785 /* HelloWorldAppDelegate.m */ = {isa = PBXFileReference; lastKnownFileType = sourcecode.c.objc; path = HelloWorldAppDelegate.m; sourceTree = "<group>"; };
		F4FFD2EA1532C8B800759785 /* HelloWorldViewController.h */ = {isa = PBXFileReference; lastKnownFileType = sourcecode.c.h; path = HelloWorldViewController.h; sourceTree = "<group>"; };
		F4FFD2EB1532C8B800759785 /* HelloWorldViewController.m */ = {isa = PBXFileReference; lastKnownFileType = sourcecode.c.objc; path = HelloWorldViewController.m; sourceTree = "<group>"; };
		F4FFD2EE1532C8B800759785 /* en */ = {isa = PBXFileReference; lastKnownFileType = file.xib; name = en; path = en.lproj/HelloWorldViewController.xib; sourceTree = "<group>"; };
/* End PBXFileReference section */

/* Begin PBXFrameworksBuildPhase section */
		F4FFD2D11532C8B700759785 /* Frameworks */ = {
			isa = PBXFrameworksBuildPhase;
			buildActionMask = 2147483647;
			files = (
				F4FFD2D91532C8B800759785 /* UIKit.framework in Frameworks */,
				F4FFD2DB1532C8B800759785 /* Foundation.framework in Frameworks */,
				F4FFD2DD1532C8B800759785 /* CoreGraphics.framework in Frameworks */,
			);
			runOnlyForDeploymentPostprocessing = 0;
		};
/* End PBXFrameworksBuildPhase section */

/* Begin PBXGroup section */
		F4FFD2C91532C8B700759785 = {
			isa = PBXGroup;
			children = (
				F4FFD2DE1532C8B800759785 /* HelloWorld */,
				F4FFD2D71532C8B700759785 /* Frameworks */,
				F4FFD2D51532C8B700759785 /* Products */,
			);
			sourceTree = "<group>";
		};
		F4FFD2D51532C8B700759785 /* Products */ = {
			isa = PBXGroup;
			children = (
				F4FFD2D41532C8B700759785 /* HelloWorld.app */,
			);
			name = Products;
			sourceTree = "<group>";
		};
		F4FFD2D71532C8B700759785 /* Frameworks */ = {
			isa = PBXGroup;
			children = (
				F4FFD2D81532C8B800759785 /* UIKit.framework */,
				F4FFD2DA1532C8B800759785 /* Foundation.framework */,
				F4FFD2DC1532C8B800759785 /* CoreGraphics.framework */,
			);
			name = Frameworks;
			sourceTree = "<group>";
		};
		F4FFD2DE1532C8B800759785 /* HelloWorld */ = {
			isa = PBXGroup;
			children = (
				F4FFD2E71532C8B800759785 /* HelloWorldAppDelegate.h */,
				F4FFD2E81532C8B800759785 /* HelloWorldAppDelegate.m */,
				F4FFD2EA1532C8B800759785 /* HelloWorldViewController.h */,
				F4FFD2EB1532C8B800759785 /* HelloWorldViewController.m */,
				F4FFD2ED1532C8B800759785 /* HelloWorldViewController.xib */,
				F4FFD2DF1532C8B800759785 /* Supporting Files */,
			);
			path = HelloWorld;
			sourceTree = "<group>";
		};
		F4FFD2DF1532C8B800759785 /* Supporting Files */ = {
			isa = PBXGroup;
			children = (
				F4FFD2E01532C8B800759785 /* HelloWorld-Info.plist */,
				F4FFD2E11532C8B800759785 /* InfoPlist.strings */,
				F4FFD2E41532C8B800759785 /* main.m */,
				F4FFD2E61532C8B800759785 /* HelloWorld-Prefix.pch */,
			);
			name = "Supporting Files";
			sourceTree = "<group>";
		};
/* End PBXGroup section */

/* Begin PBXNativeTarget section */
		F4FFD2D31532C8B700759785 /* HelloWorld */ = {
			isa = PBXNativeTarget;
			buildConfigurationList = F4FFD2F21532C8B800759785 /* Build configuration list for PBXNativeTarget "HelloWorld" */;
			buildPhases = (
				F4FFD2D01532C8B700759785 /* Sources */,
				F4FFD2D11532C8B700759785 /* Frameworks */,
				F4FFD2D21532C8B700759785 /* Resources */,
			);
			buildRules = (
			);
			dependencies = (
			);
			name = HelloWorld;
			productName = HelloWorld;
			productReference = F4FFD2D41532C8B700759785 /* HelloWorld.app */;
			productType = "com.apple.product-type.application";
		};
/* End PBXNativeTarget section */

/* Begin PBXProject section */
		F4FFD2CB1532C8B700759785 /* Project object */ = {
			isa = PBXProject;
			attributes = {
				CLASSPREFIX = HelloWorld;
				LastUpgradeCheck = 0430;
			};
			buildConfigurationList = F4FFD2CE1532C8B700759785 /* Build configuration list for PBXProject "HelloWorld" */;
			compatibilityVersion = "Xcode 3.2";
			developmentRegion = English;
			hasScannedForEncodings = 0;
			knownRegions = (
				en,
			);
			mainGroup = F4FFD2C91532C8B700759785;
			productRefGroup = F4FFD2D51532C8B700759785 /* Products */;
			projectDirPath = "";
			projectRoot = "";
			targets = (
				F4FFD2D31532C8B700759785 /* HelloWorld */,
			);
		};
/* End PBXProject section */

/* Begin PBXResourcesBuildPhase section */
		F4FFD2D21532C8B700759785 /* Resources */ = {
			isa = PBXResourcesBuildPhase;
			buildActionMask = 2147483647;
			files = (
				F4FFD2E31532C8B800759785 /* InfoPlist.strings in Resources */,
				F4FFD2EF1532C8B800759785 /* HelloWorldViewController.xib in Resources */,
			);
			runOnlyForDeploymentPostprocessing = 0;
		};
/* End PBXResourcesBuildPhase section */

/* Begin PBXSourcesBuildPhase section */
		F4FFD2D01532C8B700759785 /* Sources */ = {
			isa = PBXSourcesBuildPhase;
			buildActionMask = 2147483647;
			files = (
				F4FFD2E51532C8B800759785 /* main.m in Sources */,
				F4FFD2E91532C8B800759785 /* HelloWorldAppDelegate.m in Sources */,
				F4FFD2EC1532C8B800759785 /* HelloWorldViewController.m in Sources */,
			);
			runOnlyForDeploymentPostprocessing = 0;
		};
/* End PBXSourcesBuildPhase section */

/* Begin PBXVariantGroup section */
		F4FFD2E11532C8B800759785 /* InfoPlist.strings */ = {
			isa = PBXVariantGroup;
			children = (
				F4FFD2E21532C8B800759785 /* en */,
			);
			name = InfoPlist.strings;
			sourceTree = "<group>";
		};
		F4FFD2ED1532C8B800759785 /* HelloWorldViewController.xib */ = {
			isa = PBXVariantGroup;
			children = (
				F4FFD2EE1532C8B800759785 /* en */,
			);
			name = HelloWorldViewController.xib;
			sourceTree = "<group>";
		};
/* End PBXVariantGroup section */

/* Begin XCBuildConfiguration section */
		F4FFD2F01532C8B800759785 /* Debug */ = {
			isa = XCBuildConfiguration;
			buildSettings = {
				ALWAYS_SEARCH_USER_PATHS = NO;
				ARCHS = "$(ARCHS_STANDARD_32_BIT)";
				CLANG_ENABLE_OBJC_ARC = YES;
				"CODE_SIGN_IDENTITY[sdk=iphoneos*]" = "iPhone Developer";
				COPY_PHASE_STRIP = NO;
				GCC_C_LANGUAGE_STANDARD = gnu99;
				GCC_DYNAMIC_NO_PIC = NO;
				GCC_OPTIMIZATION_LEVEL = 0;
				GCC_PREPROCESSOR_DEFINITIONS = (
					"DEBUG=1",
					"$(inherited)",
				);
				GCC_SYMBOLS_PRIVATE_EXTERN = NO;
				GCC_VERSION = com.apple.compilers.llvm.clang.1_0;
				GCC_WARN_ABOUT_RETURN_TYPE = YES;
				GCC_WARN_UNINITIALIZED_AUTOS = YES;
				GCC_WARN_UNUSED_VARIABLE = YES;
				IPHONEOS_DEPLOYMENT_TARGET = 5.1;
				SDKROOT = iphoneos;
			};
			name = Debug;
		};
		F4FFD2F11532C8B800759785 /* Release */ = {
			isa = XCBuildConfiguration;
			buildSettings = {
				ALWAYS_SEARCH_USER_PATHS = NO;
				ARCHS = "$(ARCHS_STANDARD_32_BIT)";
				CLANG_ENABLE_OBJC_ARC = YES;
				"CODE_SIGN_IDENTITY[sdk=iphoneos*]" = "iPhone Developer";
				COPY_PHASE_STRIP = YES;
				GCC_C_LANGUAGE_STANDARD = gnu99;
				GCC_VERSION = com.apple.compilers.llvm.clang.1_0;
				GCC_WARN_ABOUT_RETURN_TYPE = YES;
				GCC_WARN_UNINITIALIZED_AUTOS = YES;
				GCC_WARN_UNUSED_VARIABLE = YES;
				IPHONEOS_DEPLOYMENT_TARGET = 5.1;
				OTHER_CFLAGS = "-DNS_BLOCK_ASSERTIONS=1";
				SDKROOT = iphoneos;
				VALIDATE_PRODUCT = YES;
			};
			name = Release;
		};
		F4FFD2F31532C8B800759785 /* Debug */ = {
			isa = XCBuildConfiguration;
			buildSettings = {
				GCC_PRECOMPILE_PREFIX_HEADER = YES;
				GCC_PREFIX_HEADER = "HelloWorld/HelloWorld-Prefix.pch";
				INFOPLIST_FILE = "HelloWorld/HelloWorld-Info.plist";
				PRODUCT_NAME = "$(TARGET_NAME)";
				WRAPPER_EXTENSION = app;
			};
			name = Debug;
		};
		F4FFD2F41532C8B800759785 /* Release */ = {
			isa = XCBuildConfiguration;
			buildSettings = {
				GCC_PRECOMPILE_PREFIX_HEADER = YES;
				GCC_PREFIX_HEADER = "HelloWorld/HelloWorld-Prefix.pch";
				INFOPLIST_FILE = "HelloWorld/HelloWorld-Info.plist";
				PRODUCT_NAME = "$(TARGET_NAME)";
				WRAPPER_EXTENSION = app;
			};
			name = Release;
		};
/* End XCBuildConfiguration section */

/* Begin XCConfigurationList section */
		F4FFD2CE1532C8B700759785 /* Build configuration list for PBXProject "HelloWorld" */ = {
			isa = XCConfigurationList;
			buildConfigurations = (
				F4FFD2F01532C8B800759785 /* Debug */,
				F4FFD2F11532C8B800759785 /* Release */,
			);
			defaultConfigurationIsVisible = 0;
			defaultConfigurationName = Release;
		};
		F4FFD2F21532C8B800759785 /* Build configuration list for PBXNativeTarget "HelloWorld" */ = {
			isa = XCConfigurationList;
			buildConfigurations = (
				F4FFD2F31532C8B800759785 /* Debug */,
				F4FFD2F41532C8B800759785 /* Release */,
			);
			defaultConfigurationIsVisible = 0;
		};
/* End XCConfigurationList section */
	};
	rootObject = F4FFD2CB1532C8B700759785 /* Project object */;
}
